
Microsoft Visual Studio Solution File, Format Version 12.00
# Visual Studio Version 16
VisualStudioVersion = 16.0.29123.88
MinimumVisualStudioVersion = 10.0.40219.1
Project("{FAE04EC0-301F-11D3-BF4B-00C04F79EFBC}") = "Assignment 7 - Methods GuessNumber", "Assignment 7 - Methods GuessNumber.csproj", "{FD79C958-A8BC-4A60-9BA2-D0808B7CE341}"
EndProject
Global
	GlobalSection(SolutionConfigurationPlatforms) = preSolution
		Debug|Any CPU = Debug|Any CPU
		Release|Any CPU = Release|Any CPU
	EndGlobalSection
	GlobalSection(ProjectConfigurationPlatforms) = postSolution
		{FD79C958-A8BC-4A60-9BA2-D0808B7CE341}.Debug|Any CPU.ActiveCfg = Debug|Any CPU
		{FD79C958-A8BC-4A60-9BA2-D0808B7CE341}.Debug|Any CPU.Build.0 = Debug|Any CPU
		{FD79C958-A8BC-4A60-9BA2-D0808B7CE341}.Release|Any CPU.ActiveCfg = Release|Any CPU
		{FD79C958-A8BC-4A60-9BA2-D0808B7CE341}.Release|Any CPU.Build.0 = Release|Any CPU
	EndGlobalSection
	GlobalSection(SolutionProperties) = preSolution
		HideSolutionNode = FALSE
	EndGlobalSection
	GlobalSection(ExtensibilityGlobals) = postSolution
		SolutionGuid = {62B27E5D-FB5D-466C-A118-D3645067CF5B}
	EndGlobalSection
EndGlobal
